<?xml version="1.0" encoding="utf-8"?>
<Project ToolsVersion="4.0" xmlns="http://schemas.microsoft.com/developer/msbuild/2003">
  <ItemGroup>
    <Filter Include="來源檔案">
      <UniqueIdentifier>{4FC737F1-C7A5-4376-A066-2A32D752A2FF}</UniqueIdentifier>
      <Extensions>cpp;c;cc;cxx;c++;cppm;ixx;def;odl;idl;hpj;bat;asm;asmx</Extensions>
    </Filter>
    <Filter Include="標頭檔">
      <UniqueIdentifier>{93995380-89BD-4b04-88EB-625FBE52EBFB}</UniqueIdentifier>
      <Extensions>h;hh;hpp;hxx;h++;hm;inl;inc;ipp;xsd</Extensions>
    </Filter>
    <Filter Include="資源檔">
      <UniqueIdentifier>{67DA6AB6-F800-4c08-8B7A-83BB121AAD01}</UniqueIdentifier>
      <Extensions>rc;ico;cur;bmp;dlg;rc2;rct;bin;rgs;gif;jpg;jpeg;jpe;resx;tiff;tif;png;wav;mfcribbon-ms</Extensions>
    </Filter>
  </ItemGroup>
  <ItemGroup>
    <ClCompile Include="LeetCodeProblemSolvingBy_C_Double_Plus.cpp">
      <Filter>來源檔案</Filter>
    </ClCompile>
    <ClCompile Include="Medium\0173.Binary_Search_Tree_Iterator.cpp">
      <Filter>來源檔案</Filter>
    </ClCompile>
    <ClCompile Include="Easy\0303.Range_Sum_Query_Immutable.cpp">
      <Filter>來源檔案</Filter>
    </ClCompile>
    <ClCompile Include="Hard\0149.Max_Points_on_a_Line.cpp">
      <Filter>來源檔案</Filter>
    </ClCompile>
    <ClCompile Include="Easy\0228.Summary_Ranges.cpp">
      <Filter>來源檔案</Filter>
    </ClCompile>
  </ItemGroup>
  <ItemGroup>
    <None Include="Mysql\0596.Classes_More_Than_5_Students.sql" />
    <None Include="Mysql\0601.Human_Traffic_of_Stadium.sql" />
    <None Include="Mysql\0607.Sales_Person.sql" />
    <None Include="Mysql\0608.Tree_Node.sql" />
    <None Include="Mysql\0620.Not_Boring_Movies.sql" />
    <None Include="Mysql\0626.Exchange_Seats.sql" />
    <None Include="Mysql\0627.Swap_Salary.sql" />
    <None Include="Mysql\1050.Actors_and_Directors_Who_Cooperated_At_Least_Three_Times.sql" />
    <None Include="packages.config" />
    <None Include="Easy\0338.Counting_Bits.cpp" />
    <None Include="Medium\0201.Bitwise_AND_of_Numbers_Range.cpp">
      <Filter>來源檔案</Filter>
    </None>
  </ItemGroup>
</Project>