<?xml version="1.0" encoding="utf-8"?>
<Project ToolsVersion="4.0" xmlns="http://schemas.microsoft.com/developer/msbuild/2003">
  <ItemGroup>
    <Filter Include="來源檔案">
      <UniqueIdentifier>{4FC737F1-C7A5-4376-A066-2A32D752A2FF}</UniqueIdentifier>
      <Extensions>cpp;c;cc;cxx;c++;cppm;ixx;def;odl;idl;hpj;bat;asm;asmx</Extensions>
    </Filter>
    <Filter Include="標頭檔">
      <UniqueIdentifier>{93995380-89BD-4b04-88EB-625FBE52EBFB}</UniqueIdentifier>
      <Extensions>h;hh;hpp;hxx;h++;hm;inl;inc;ipp;xsd</Extensions>
    </Filter>
    <Filter Include="資源檔">
      <UniqueIdentifier>{67DA6AB6-F800-4c08-8B7A-83BB121AAD01}</UniqueIdentifier>
      <Extensions>rc;ico;cur;bmp;dlg;rc2;rct;bin;rgs;gif;jpg;jpeg;jpe;resx;tiff;tif;png;wav;mfcribbon-ms</Extensions>
    </Filter>
  </ItemGroup>
  <ItemGroup>
    <ClCompile Include="LeetCodeProblemSolvingBy_C_Double_Plus.cpp">
      <Filter>來源檔案</Filter>
    </ClCompile>
    <ClCompile Include="Easy\0083.Remove_Duplicates_from_Sorted_List.cpp">
      <Filter>來源檔案</Filter>
    </ClCompile>
    <ClCompile Include="Hard\0084.Largest_Rectangle_in_Histogram.cpp">
      <Filter>來源檔案</Filter>
    </ClCompile>
    <ClCompile Include="Hard\0085.Maximal_Rectangle.cpp">
      <Filter>來源檔案</Filter>
    </ClCompile>
    <ClCompile Include="Easy\0088.Merge_Sorted_Array.cpp">
      <Filter>來源檔案</Filter>
    </ClCompile>
    <ClCompile Include="Medium\0089.Gray_Code.cpp">
      <Filter>來源檔案</Filter>
    </ClCompile>
    <ClCompile Include="Medium\0078.Subsets.cpp">
      <Filter>來源檔案</Filter>
    </ClCompile>
    <ClCompile Include="Medium\0090.Subsets_II.cpp">
      <Filter>來源檔案</Filter>
    </ClCompile>
    <ClCompile Include="Easy\0001_two_sum.cpp">
      <Filter>來源檔案</Filter>
    </ClCompile>
    <ClCompile Include="Medium\0091.Decode_Ways.cpp">
      <Filter>來源檔案</Filter>
    </ClCompile>
    <ClCompile Include="Easy\0101.Symmetric_Tree.cpp">
      <Filter>來源檔案</Filter>
    </ClCompile>
  </ItemGroup>
  <ItemGroup>
    <None Include="Mysql\0177.Nth_Highest_Salary.sql" />
    <None Include="Mysql\0184.Department_Highest_Salary.sql" />
    <None Include="Mysql\0185.Department_Top_Three_Salaries.sql" />
    <None Include="Mysql\0262.Trips_and_Users.sql" />
    <None Include="Mysql\0596.Classes_More_Than_5_Students.sql" />
    <None Include="Mysql\0601.Human_Traffic_of_Stadium.sql" />
    <None Include="Mysql\0607.Sales_Person.sql" />
    <None Include="Mysql\0608.Tree_Node.sql" />
    <None Include="Mysql\0620.Not_Boring_Movies.sql" />
    <None Include="Mysql\0626.Exchange_Seats.sql" />
    <None Include="Mysql\0627.Swap_Salary.sql" />
    <None Include="Mysql\1050.Actors_and_Directors_Who_Cooperated_At_Least_Three_Times.sql" />
    <None Include="Medium\0092.Reverse_Linked_List_II.cpp" />
    <None Include="Medium\0093.Restore_IP_Addresses.cpp" />
    <None Include="Easy\0094.Binary_Tree_Inorder_Traversal.cpp" />
    <None Include="Medium\0095.Unique_Binary_Search_Trees_II.cpp" />
    <None Include="Medium\0096.Unique_Binary_Search_Trees.cpp" />
    <None Include="Medium\0097.Interleaving_String.cpp" />
    <None Include="Medium\0099.Recover_Binary_Search_Tree.cpp" />
    <None Include="Easy\0100.Same_Tree.cpp" />
  </ItemGroup>
</Project>