<?xml version="1.0" encoding="utf-8"?>
<Project ToolsVersion="4.0" xmlns="http://schemas.microsoft.com/developer/msbuild/2003">
  <ItemGroup>
    <Filter Include="來源檔案">
      <UniqueIdentifier>{4FC737F1-C7A5-4376-A066-2A32D752A2FF}</UniqueIdentifier>
      <Extensions>cpp;c;cc;cxx;c++;cppm;ixx;def;odl;idl;hpj;bat;asm;asmx</Extensions>
    </Filter>
    <Filter Include="標頭檔">
      <UniqueIdentifier>{93995380-89BD-4b04-88EB-625FBE52EBFB}</UniqueIdentifier>
      <Extensions>h;hh;hpp;hxx;h++;hm;inl;inc;ipp;xsd</Extensions>
    </Filter>
    <Filter Include="資源檔">
      <UniqueIdentifier>{67DA6AB6-F800-4c08-8B7A-83BB121AAD01}</UniqueIdentifier>
      <Extensions>rc;ico;cur;bmp;dlg;rc2;rct;bin;rgs;gif;jpg;jpeg;jpe;resx;tiff;tif;png;wav;mfcribbon-ms</Extensions>
    </Filter>
  </ItemGroup>
  <ItemGroup>
    <ClCompile Include="LeetCodeProblemSolvingBy_C_Double_Plus.cpp">
      <Filter>來源檔案</Filter>
    </ClCompile>
    <ClCompile Include="Easy\0108.Convert_Sorted_Array_to_Binary_Search_Tree.cpp">
      <Filter>來源檔案</Filter>
    </ClCompile>
    <ClCompile Include="Easy\0110.Balanced_Binary_Tree.cpp">
      <Filter>來源檔案</Filter>
    </ClCompile>
    <ClCompile Include="Easy\0111.Minimum_Depth_of_Binary_Tree.cpp">
      <Filter>來源檔案</Filter>
    </ClCompile>
    <ClCompile Include="Easy\0112.Path_Sum.cpp">
      <Filter>來源檔案</Filter>
    </ClCompile>
    <ClCompile Include="Easy\0118.Pascal_s_Triangle.cpp">
      <Filter>來源檔案</Filter>
    </ClCompile>
    <ClCompile Include="Easy\0119.Pascal_s_Triangle_II.cpp">
      <Filter>來源檔案</Filter>
    </ClCompile>
    <ClCompile Include="Medium\0113.Path_Sum_II.cpp">
      <Filter>來源檔案</Filter>
    </ClCompile>
    <ClCompile Include="Medium\0114.Flatten_Binary_Tree_to_Linked_List.cpp">
      <Filter>來源檔案</Filter>
    </ClCompile>
    <ClCompile Include="Medium\0116.Populating_Next_Right_Pointers_in_Each_Node.cpp">
      <Filter>來源檔案</Filter>
    </ClCompile>
    <ClCompile Include="Medium\0117.Populating_Next_Right_Pointers_in_Each_Node_II.cpp">
      <Filter>來源檔案</Filter>
    </ClCompile>
    <ClCompile Include="Medium\0120.Triangle.cpp">
      <Filter>來源檔案</Filter>
    </ClCompile>
    <ClCompile Include="Hard\0115.Distinct_Subsequences.cpp">
      <Filter>來源檔案</Filter>
    </ClCompile>
    <ClCompile Include="Medium\0122.Best_Time_to_Buy_and_Sell_Stock_II.cpp">
      <Filter>來源檔案</Filter>
    </ClCompile>
    <ClCompile Include="Hard\0123.Best_Time_to_Buy_and_Sell_Stock_III.cpp">
      <Filter>來源檔案</Filter>
    </ClCompile>
    <ClCompile Include="Hard\0124.Binary_Tree_Maximum_Path_Sum.cpp">
      <Filter>來源檔案</Filter>
    </ClCompile>
    <ClCompile Include="Easy\0125.Valid_Palindrome.cpp">
      <Filter>來源檔案</Filter>
    </ClCompile>
    <ClCompile Include="Hard\0126.Word_Ladder_II.cpp">
      <Filter>來源檔案</Filter>
    </ClCompile>
    <ClCompile Include="Hard\0127.Word_Ladder.cpp">
      <Filter>來源檔案</Filter>
    </ClCompile>
    <ClCompile Include="Medium\0128.Longest_Consecutive_Sequence.cpp">
      <Filter>來源檔案</Filter>
    </ClCompile>
    <ClCompile Include="Medium\0129.Sum_Root_to_Leaf_Numbers.cpp">
      <Filter>來源檔案</Filter>
    </ClCompile>
    <ClCompile Include="Medium\0130.Surrounded_Regions.cpp">
      <Filter>來源檔案</Filter>
    </ClCompile>
    <ClCompile Include="Medium\0134.Gas_Station.cpp">
      <Filter>來源檔案</Filter>
    </ClCompile>
  </ItemGroup>
  <ItemGroup>
    <None Include="Mysql\0177.Nth_Highest_Salary.sql" />
    <None Include="Mysql\0184.Department_Highest_Salary.sql" />
    <None Include="Mysql\0185.Department_Top_Three_Salaries.sql" />
    <None Include="Mysql\0262.Trips_and_Users.sql" />
    <None Include="Mysql\0596.Classes_More_Than_5_Students.sql" />
    <None Include="Mysql\0601.Human_Traffic_of_Stadium.sql" />
    <None Include="Mysql\0607.Sales_Person.sql" />
    <None Include="Mysql\0608.Tree_Node.sql" />
    <None Include="Mysql\0620.Not_Boring_Movies.sql" />
    <None Include="Mysql\0626.Exchange_Seats.sql" />
    <None Include="Mysql\0627.Swap_Salary.sql" />
    <None Include="Mysql\1050.Actors_and_Directors_Who_Cooperated_At_Least_Three_Times.sql" />
  </ItemGroup>
</Project>